
Microsoft Visual Studio Solution File, Format Version 12.00
# Visual Studio Version 16
VisualStudioVersion = 16.0.30621.155
MinimumVisualStudioVersion = 10.0.40219.1
Project("{9A19103F-16F7-4668-BE54-9A1E7A4F7556}") = "DashSystem.Data", "DashSystem.Data\DashSystem.Data.csproj", "{400E23C3-87B5-475B-B7C5-7FD961867F42}"
EndProject
Project("{9A19103F-16F7-4668-BE54-9A1E7A4F7556}") = "DashSystem.UI", "DashSystem.UI\DashSystem.UI.csproj", "{4BB5ED79-2984-4B79-9B04-70D54B74E540}"
EndProject
Global
	GlobalSection(SolutionConfigurationPlatforms) = preSolution
		Debug|Any CPU = Debug|Any CPU
		Release|Any CPU = Release|Any CPU
	EndGlobalSection
	GlobalSection(ProjectConfigurationPlatforms) = postSolution
		{400E23C3-87B5-475B-B7C5-7FD961867F42}.Debug|Any CPU.ActiveCfg = Debug|Any CPU
		{400E23C3-87B5-475B-B7C5-7FD961867F42}.Debug|Any CPU.Build.0 = Debug|Any CPU
		{400E23C3-87B5-475B-B7C5-7FD961867F42}.Release|Any CPU.ActiveCfg = Release|Any CPU
		{400E23C3-87B5-475B-B7C5-7FD961867F42}.Release|Any CPU.Build.0 = Release|Any CPU
		{4BB5ED79-2984-4B79-9B04-70D54B74E540}.Debug|Any CPU.ActiveCfg = Debug|Any CPU
		{4BB5ED79-2984-4B79-9B04-70D54B74E540}.Debug|Any CPU.Build.0 = Debug|Any CPU
		{4BB5ED79-2984-4B79-9B04-70D54B74E540}.Release|Any CPU.ActiveCfg = Release|Any CPU
		{4BB5ED79-2984-4B79-9B04-70D54B74E540}.Release|Any CPU.Build.0 = Release|Any CPU
	EndGlobalSection
	GlobalSection(SolutionProperties) = preSolution
		HideSolutionNode = FALSE
	EndGlobalSection
	GlobalSection(ExtensibilityGlobals) = postSolution
		SolutionGuid = {EBED8968-E393-4447-B6A1-B7785829E30D}
	EndGlobalSection
EndGlobal
